
Microsoft Visual Studio Solution File, Format Version 12.00
# Visual Studio Version 16
VisualStudioVersion = 16.0.29025.244
MinimumVisualStudioVersion = 10.0.40219.1
Project("{FAE04EC0-301F-11D3-BF4B-00C04F79EFBC}") = "P6Q1", "P6Q1\P6Q1.csproj", "{D50B4691-9E3E-4430-B3F9-5449B01840F7}"
EndProject
Global
	GlobalSection(SolutionConfigurationPlatforms) = preSolution
		Debug|Any CPU = Debug|Any CPU
		Release|Any CPU = Release|Any CPU
	EndGlobalSection
	GlobalSection(ProjectConfigurationPlatforms) = postSolution
		{D50B4691-9E3E-4430-B3F9-5449B01840F7}.Debug|Any CPU.ActiveCfg = Debug|Any CPU
		{D50B4691-9E3E-4430-B3F9-5449B01840F7}.Debug|Any CPU.Build.0 = Debug|Any CPU
		{D50B4691-9E3E-4430-B3F9-5449B01840F7}.Release|Any CPU.ActiveCfg = Release|Any CPU
		{D50B4691-9E3E-4430-B3F9-5449B01840F7}.Release|Any CPU.Build.0 = Release|Any CPU
	EndGlobalSection
	GlobalSection(SolutionProperties) = preSolution
		HideSolutionNode = FALSE
	EndGlobalSection
	GlobalSection(ExtensibilityGlobals) = postSolution
		SolutionGuid = {183CC66D-6EB5-4C77-96D1-C484EDE938E3}
	EndGlobalSection
EndGlobal
